
Microsoft Visual Studio Solution File, Format Version 12.00
# Visual Studio Version 17
VisualStudioVersion = 17.5.33502.453
MinimumVisualStudioVersion = 10.0.40219.1
Project("{FAE04EC0-301F-11D3-BF4B-00C04F79EFBC}") = "HotDeskBooking", "HotDeskBooking\HotDeskBooking.csproj", "{41C61484-0AC3-4FF7-BB48-BF735365EA7B}"
EndProject
Project("{E53339B2-1760-4266-BCC7-CA923CBCF16C}") = "docker-compose", "docker-compose.dcproj", "{72B01C41-1484-4D1D-A072-1FA4A3DA5A14}"
EndProject
Global
	GlobalSection(SolutionConfigurationPlatforms) = preSolution
		Debug|Any CPU = Debug|Any CPU
		Release|Any CPU = Release|Any CPU
	EndGlobalSection
	GlobalSection(ProjectConfigurationPlatforms) = postSolution
		{41C61484-0AC3-4FF7-BB48-BF735365EA7B}.Debug|Any CPU.ActiveCfg = Debug|Any CPU
		{41C61484-0AC3-4FF7-BB48-BF735365EA7B}.Debug|Any CPU.Build.0 = Debug|Any CPU
		{41C61484-0AC3-4FF7-BB48-BF735365EA7B}.Release|Any CPU.ActiveCfg = Release|Any CPU
		{41C61484-0AC3-4FF7-BB48-BF735365EA7B}.Release|Any CPU.Build.0 = Release|Any CPU
		{72B01C41-1484-4D1D-A072-1FA4A3DA5A14}.Debug|Any CPU.ActiveCfg = Debug|Any CPU
		{72B01C41-1484-4D1D-A072-1FA4A3DA5A14}.Debug|Any CPU.Build.0 = Debug|Any CPU
		{72B01C41-1484-4D1D-A072-1FA4A3DA5A14}.Release|Any CPU.ActiveCfg = Release|Any CPU
		{72B01C41-1484-4D1D-A072-1FA4A3DA5A14}.Release|Any CPU.Build.0 = Release|Any CPU
	EndGlobalSection
	GlobalSection(SolutionProperties) = preSolution
		HideSolutionNode = FALSE
	EndGlobalSection
	GlobalSection(ExtensibilityGlobals) = postSolution
		SolutionGuid = {19754969-A67D-4FBB-96BA-D7FA0AA2506D}
	EndGlobalSection
EndGlobal
